// !$*UTF8*$!
{
	archiveVersion = 1;
	classes = {
	};
	objectVersion = 51;
	objects = {

/* Begin PBXBuildFile section */
		3D4AB07AA73892DBE566C3B2 /* Pods_ProgPics.framework in Frameworks */ = {isa = PBXBuildFile; fileRef = DB7D79828CE9E89BD9DCF177 /* Pods_ProgPics.framework */; };
		84324C3C2510C751001BD9C5 /* AppDelegate.swift in Sources */ = {isa = PBXBuildFile; fileRef = 84324C3B2510C751001BD9C5 /* AppDelegate.swift */; };
		84324C3E2510C751001BD9C5 /* SceneDelegate.swift in Sources */ = {isa = PBXBuildFile; fileRef = 84324C3D2510C751001BD9C5 /* SceneDelegate.swift */; };
		84324C402510C751001BD9C5 /* LoginVC.swift in Sources */ = {isa = PBXBuildFile; fileRef = 84324C3F2510C751001BD9C5 /* LoginVC.swift */; };
		84324C432510C751001BD9C5 /* Main.storyboard in Resources */ = {isa = PBXBuildFile; fileRef = 84324C412510C751001BD9C5 /* Main.storyboard */; };
		84324C452510C754001BD9C5 /* Assets.xcassets in Resources */ = {isa = PBXBuildFile; fileRef = 84324C442510C754001BD9C5 /* Assets.xcassets */; };
		84324C482510C754001BD9C5 /* LaunchScreen.storyboard in Resources */ = {isa = PBXBuildFile; fileRef = 84324C462510C754001BD9C5 /* LaunchScreen.storyboard */; };
		84324C70251371F4001BD9C5 /* YourProgressionsVC.swift in Sources */ = {isa = PBXBuildFile; fileRef = 84324C6F251371F4001BD9C5 /* YourProgressionsVC.swift */; };
		844392A3251CAAD100DD5DA5 /* NewProgressionVC.swift in Sources */ = {isa = PBXBuildFile; fileRef = 844392A2251CAAD100DD5DA5 /* NewProgressionVC.swift */; };
		8458681F25373B83008E31B6 /* CameraVC.swift in Sources */ = {isa = PBXBuildFile; fileRef = 8458681E25373B83008E31B6 /* CameraVC.swift */; };
		846E61F6253DAD41003E91A2 /* ImageHelper.swift in Sources */ = {isa = PBXBuildFile; fileRef = 846E61F5253DAD41003E91A2 /* ImageHelper.swift */; };
		8486445B25220AE400F9C8AD /* ProgressTabBarController.swift in Sources */ = {isa = PBXBuildFile; fileRef = 8486445A25220AE400F9C8AD /* ProgressTabBarController.swift */; };
		8486445F25220E5900F9C8AD /* GalleryVC.swift in Sources */ = {isa = PBXBuildFile; fileRef = 8486445E25220E5900F9C8AD /* GalleryVC.swift */; };
		8486446B25231AB300F9C8AD /* Auth.storyboard in Resources */ = {isa = PBXBuildFile; fileRef = 8486446A25231AB300F9C8AD /* Auth.storyboard */; };
		8486447025231D1800F9C8AD /* InspectProgression.storyboard in Resources */ = {isa = PBXBuildFile; fileRef = 8486446F25231D1800F9C8AD /* InspectProgression.storyboard */; };
		848644782523258B00F9C8AD /* RegisterVC.swift in Sources */ = {isa = PBXBuildFile; fileRef = 848644772523258B00F9C8AD /* RegisterVC.swift */; };
		8496D7CC251DFE8500B3FAB4 /* GoogleService-Info.plist in Resources */ = {isa = PBXBuildFile; fileRef = 8496D7CB251DFE8500B3FAB4 /* GoogleService-Info.plist */; };
		849B4F36253C36B500E464B5 /* SliderVC.swift in Sources */ = {isa = PBXBuildFile; fileRef = 849B4F35253C36B500E464B5 /* SliderVC.swift */; };
		84CA550E2514E8930040FD79 /* UserCategoryTableViewCell.swift in Sources */ = {isa = PBXBuildFile; fileRef = 84CA550D2514E8930040FD79 /* UserCategoryTableViewCell.swift */; };
		84DDB1772518BF1E00FA6F69 /* LastTableViewCell.swift in Sources */ = {isa = PBXBuildFile; fileRef = 84DDB1762518BF1E00FA6F69 /* LastTableViewCell.swift */; };
		84E60A982524AB85002D67CD /* ThumbnailCollectionViewCell.swift in Sources */ = {isa = PBXBuildFile; fileRef = 84E60A972524AB85002D67CD /* ThumbnailCollectionViewCell.swift */; };
		84F3FEE425470BE700F2839D /* BeforeAfterVC.swift in Sources */ = {isa = PBXBuildFile; fileRef = 84F3FEE325470BE700F2839D /* BeforeAfterVC.swift */; };
/* End PBXBuildFile section */

/* Begin PBXFileReference section */
		84324C382510C751001BD9C5 /* ProgPics.app */ = {isa = PBXFileReference; explicitFileType = wrapper.application; includeInIndex = 0; path = ProgPics.app; sourceTree = BUILT_PRODUCTS_DIR; };
		84324C3B2510C751001BD9C5 /* AppDelegate.swift */ = {isa = PBXFileReference; lastKnownFileType = sourcecode.swift; path = AppDelegate.swift; sourceTree = "<group>"; };
		84324C3D2510C751001BD9C5 /* SceneDelegate.swift */ = {isa = PBXFileReference; lastKnownFileType = sourcecode.swift; path = SceneDelegate.swift; sourceTree = "<group>"; };
		84324C3F2510C751001BD9C5 /* LoginVC.swift */ = {isa = PBXFileReference; lastKnownFileType = sourcecode.swift; path = LoginVC.swift; sourceTree = "<group>"; };
		84324C422510C751001BD9C5 /* Base */ = {isa = PBXFileReference; lastKnownFileType = file.storyboard; name = Base; path = Base.lproj/Main.storyboard; sourceTree = "<group>"; };
		84324C442510C754001BD9C5 /* Assets.xcassets */ = {isa = PBXFileReference; lastKnownFileType = folder.assetcatalog; path = Assets.xcassets; sourceTree = "<group>"; };
		84324C472510C754001BD9C5 /* Base */ = {isa = PBXFileReference; lastKnownFileType = file.storyboard; name = Base; path = Base.lproj/LaunchScreen.storyboard; sourceTree = "<group>"; };
		84324C492510C754001BD9C5 /* Info.plist */ = {isa = PBXFileReference; lastKnownFileType = text.plist.xml; path = Info.plist; sourceTree = "<group>"; };
		84324C6F251371F4001BD9C5 /* YourProgressionsVC.swift */ = {isa = PBXFileReference; lastKnownFileType = sourcecode.swift; path = YourProgressionsVC.swift; sourceTree = "<group>"; };
		844392A2251CAAD100DD5DA5 /* NewProgressionVC.swift */ = {isa = PBXFileReference; lastKnownFileType = sourcecode.swift; path = NewProgressionVC.swift; sourceTree = "<group>"; };
		8458681E25373B83008E31B6 /* CameraVC.swift */ = {isa = PBXFileReference; lastKnownFileType = sourcecode.swift; path = CameraVC.swift; sourceTree = "<group>"; };
		846E61F5253DAD41003E91A2 /* ImageHelper.swift */ = {isa = PBXFileReference; lastKnownFileType = sourcecode.swift; path = ImageHelper.swift; sourceTree = "<group>"; };
		8486445A25220AE400F9C8AD /* ProgressTabBarController.swift */ = {isa = PBXFileReference; lastKnownFileType = sourcecode.swift; path = ProgressTabBarController.swift; sourceTree = "<group>"; };
		8486445E25220E5900F9C8AD /* GalleryVC.swift */ = {isa = PBXFileReference; lastKnownFileType = sourcecode.swift; path = GalleryVC.swift; sourceTree = "<group>"; };
		8486446A25231AB300F9C8AD /* Auth.storyboard */ = {isa = PBXFileReference; lastKnownFileType = file.storyboard; path = Auth.storyboard; sourceTree = "<group>"; };
		8486446F25231D1800F9C8AD /* InspectProgression.storyboard */ = {isa = PBXFileReference; lastKnownFileType = file.storyboard; path = InspectProgression.storyboard; sourceTree = "<group>"; };
		848644772523258B00F9C8AD /* RegisterVC.swift */ = {isa = PBXFileReference; lastKnownFileType = sourcecode.swift; path = RegisterVC.swift; sourceTree = "<group>"; };
		8496D7CB251DFE8500B3FAB4 /* GoogleService-Info.plist */ = {isa = PBXFileReference; fileEncoding = 4; lastKnownFileType = text.plist.xml; path = "GoogleService-Info.plist"; sourceTree = "<group>"; };
		849B4F35253C36B500E464B5 /* SliderVC.swift */ = {isa = PBXFileReference; lastKnownFileType = sourcecode.swift; path = SliderVC.swift; sourceTree = "<group>"; };
		84A70AD425503FE600C16EB6 /* ProgPics.entitlements */ = {isa = PBXFileReference; lastKnownFileType = text.plist.entitlements; path = ProgPics.entitlements; sourceTree = "<group>"; };
		84CA550D2514E8930040FD79 /* UserCategoryTableViewCell.swift */ = {isa = PBXFileReference; lastKnownFileType = sourcecode.swift; path = UserCategoryTableViewCell.swift; sourceTree = "<group>"; };
		84DDB1762518BF1E00FA6F69 /* LastTableViewCell.swift */ = {isa = PBXFileReference; lastKnownFileType = sourcecode.swift; path = LastTableViewCell.swift; sourceTree = "<group>"; };
		84E60A972524AB85002D67CD /* ThumbnailCollectionViewCell.swift */ = {isa = PBXFileReference; lastKnownFileType = sourcecode.swift; path = ThumbnailCollectionViewCell.swift; sourceTree = "<group>"; };
		84F3FEE325470BE700F2839D /* BeforeAfterVC.swift */ = {isa = PBXFileReference; lastKnownFileType = sourcecode.swift; path = BeforeAfterVC.swift; sourceTree = "<group>"; };
		C32A2DCA3409C80E0BA8A6F1 /* Pods-ProgPics.debug.xcconfig */ = {isa = PBXFileReference; includeInIndex = 1; lastKnownFileType = text.xcconfig; name = "Pods-ProgPics.debug.xcconfig"; path = "Target Support Files/Pods-ProgPics/Pods-ProgPics.debug.xcconfig"; sourceTree = "<group>"; };
		D2BA887A2C34B2097EF91B44 /* Pods-ProgPics.release.xcconfig */ = {isa = PBXFileReference; includeInIndex = 1; lastKnownFileType = text.xcconfig; name = "Pods-ProgPics.release.xcconfig"; path = "Target Support Files/Pods-ProgPics/Pods-ProgPics.release.xcconfig"; sourceTree = "<group>"; };
		DB7D79828CE9E89BD9DCF177 /* Pods_ProgPics.framework */ = {isa = PBXFileReference; explicitFileType = wrapper.framework; includeInIndex = 0; path = Pods_ProgPics.framework; sourceTree = BUILT_PRODUCTS_DIR; };
/* End PBXFileReference section */

/* Begin PBXFrameworksBuildPhase section */
		84324C352510C751001BD9C5 /* Frameworks */ = {
			isa = PBXFrameworksBuildPhase;
			buildActionMask = 2147483647;
			files = (
				3D4AB07AA73892DBE566C3B2 /* Pods_ProgPics.framework in Frameworks */,
			);
			runOnlyForDeploymentPostprocessing = 0;
		};
/* End PBXFrameworksBuildPhase section */

/* Begin PBXGroup section */
		84324C2F2510C751001BD9C5 = {
			isa = PBXGroup;
			children = (
				84324C3A2510C751001BD9C5 /* ProgPics */,
				84324C392510C751001BD9C5 /* Products */,
				A1F7DA7980A86E07E55D4270 /* Pods */,
				C611302183C1917A401C7E6B /* Frameworks */,
			);
			sourceTree = "<group>";
		};
		84324C392510C751001BD9C5 /* Products */ = {
			isa = PBXGroup;
			children = (
				84324C382510C751001BD9C5 /* ProgPics.app */,
			);
			name = Products;
			sourceTree = "<group>";
		};
		84324C3A2510C751001BD9C5 /* ProgPics */ = {
			isa = PBXGroup;
			children = (
				84A70AD425503FE600C16EB6 /* ProgPics.entitlements */,
				8486446D25231AC500F9C8AD /* Storyboards */,
				8486447225231E7500F9C8AD /* ViewControllers */,
				8486447525231E9B00F9C8AD /* Cells */,
				84324C3B2510C751001BD9C5 /* AppDelegate.swift */,
				84324C3D2510C751001BD9C5 /* SceneDelegate.swift */,
				84324C442510C754001BD9C5 /* Assets.xcassets */,
				84324C492510C754001BD9C5 /* Info.plist */,
				8496D7CB251DFE8500B3FAB4 /* GoogleService-Info.plist */,
				846E61F5253DAD41003E91A2 /* ImageHelper.swift */,
			);
			path = ProgPics;
			sourceTree = "<group>";
		};
		8486446D25231AC500F9C8AD /* Storyboards */ = {
			isa = PBXGroup;
			children = (
				84324C462510C754001BD9C5 /* LaunchScreen.storyboard */,
				84324C412510C751001BD9C5 /* Main.storyboard */,
				8486446F25231D1800F9C8AD /* InspectProgression.storyboard */,
				8486446A25231AB300F9C8AD /* Auth.storyboard */,
			);
			path = Storyboards;
			sourceTree = "<group>";
		};
		8486447225231E7500F9C8AD /* ViewControllers */ = {
			isa = PBXGroup;
			children = (
				8458681E25373B83008E31B6 /* CameraVC.swift */,
				849B4F35253C36B500E464B5 /* SliderVC.swift */,
				848644772523258B00F9C8AD /* RegisterVC.swift */,
				8486445E25220E5900F9C8AD /* GalleryVC.swift */,
				844392A2251CAAD100DD5DA5 /* NewProgressionVC.swift */,
				8486445A25220AE400F9C8AD /* ProgressTabBarController.swift */,
				84324C3F2510C751001BD9C5 /* LoginVC.swift */,
				84324C6F251371F4001BD9C5 /* YourProgressionsVC.swift */,
				84F3FEE325470BE700F2839D /* BeforeAfterVC.swift */,
			);
			path = ViewControllers;
			sourceTree = "<group>";
		};
		8486447525231E9B00F9C8AD /* Cells */ = {
			isa = PBXGroup;
			children = (
				84E60A972524AB85002D67CD /* ThumbnailCollectionViewCell.swift */,
				84DDB1762518BF1E00FA6F69 /* LastTableViewCell.swift */,
				84CA550D2514E8930040FD79 /* UserCategoryTableViewCell.swift */,
			);
			path = Cells;
			sourceTree = "<group>";
		};
		A1F7DA7980A86E07E55D4270 /* Pods */ = {
			isa = PBXGroup;
			children = (
				C32A2DCA3409C80E0BA8A6F1 /* Pods-ProgPics.debug.xcconfig */,
				D2BA887A2C34B2097EF91B44 /* Pods-ProgPics.release.xcconfig */,
			);
			path = Pods;
			sourceTree = "<group>";
		};
		C611302183C1917A401C7E6B /* Frameworks */ = {
			isa = PBXGroup;
			children = (
				DB7D79828CE9E89BD9DCF177 /* Pods_ProgPics.framework */,
			);
			name = Frameworks;
			sourceTree = "<group>";
		};
/* End PBXGroup section */

/* Begin PBXNativeTarget section */
		84324C372510C751001BD9C5 /* ProgPics */ = {
			isa = PBXNativeTarget;
			buildConfigurationList = 84324C4C2510C754001BD9C5 /* Build configuration list for PBXNativeTarget "ProgPics" */;
			buildPhases = (
				9A08804C7A2107DE5A518805 /* [CP] Check Pods Manifest.lock */,
				84324C342510C751001BD9C5 /* Sources */,
				84324C352510C751001BD9C5 /* Frameworks */,
				84324C362510C751001BD9C5 /* Resources */,
				334606976240F836D9B876E4 /* [CP] Embed Pods Frameworks */,
			);
			buildRules = (
			);
			dependencies = (
			);
			name = ProgPics;
			productName = ProgPics;
			productReference = 84324C382510C751001BD9C5 /* ProgPics.app */;
			productType = "com.apple.product-type.application";
		};
/* End PBXNativeTarget section */

/* Begin PBXProject section */
		84324C302510C751001BD9C5 /* Project object */ = {
			isa = PBXProject;
			attributes = {
				LastSwiftUpdateCheck = 1200;
				LastUpgradeCheck = 1200;
				TargetAttributes = {
					84324C372510C751001BD9C5 = {
						CreatedOnToolsVersion = 12.0;
					};
				};
			};
			buildConfigurationList = 84324C332510C751001BD9C5 /* Build configuration list for PBXProject "ProgPics" */;
			compatibilityVersion = "Xcode 9.3";
			developmentRegion = en;
			hasScannedForEncodings = 0;
			knownRegions = (
				en,
				Base,
			);
			mainGroup = 84324C2F2510C751001BD9C5;
			productRefGroup = 84324C392510C751001BD9C5 /* Products */;
			projectDirPath = "";
			projectRoot = "";
			targets = (
				84324C372510C751001BD9C5 /* ProgPics */,
			);
		};
/* End PBXProject section */

/* Begin PBXResourcesBuildPhase section */
		84324C362510C751001BD9C5 /* Resources */ = {
			isa = PBXResourcesBuildPhase;
			buildActionMask = 2147483647;
			files = (
				84324C482510C754001BD9C5 /* LaunchScreen.storyboard in Resources */,
				8496D7CC251DFE8500B3FAB4 /* GoogleService-Info.plist in Resources */,
				8486446B25231AB300F9C8AD /* Auth.storyboard in Resources */,
				84324C452510C754001BD9C5 /* Assets.xcassets in Resources */,
				84324C432510C751001BD9C5 /* Main.storyboard in Resources */,
				8486447025231D1800F9C8AD /* InspectProgression.storyboard in Resources */,
			);
			runOnlyForDeploymentPostprocessing = 0;
		};
/* End PBXResourcesBuildPhase section */

/* Begin PBXShellScriptBuildPhase section */
		334606976240F836D9B876E4 /* [CP] Embed Pods Frameworks */ = {
			isa = PBXShellScriptBuildPhase;
			buildActionMask = 2147483647;
			files = (
			);
			inputFileListPaths = (
				"${PODS_ROOT}/Target Support Files/Pods-ProgPics/Pods-ProgPics-frameworks-${CONFIGURATION}-input-files.xcfilelist",
			);
			name = "[CP] Embed Pods Frameworks";
			outputFileListPaths = (
				"${PODS_ROOT}/Target Support Files/Pods-ProgPics/Pods-ProgPics-frameworks-${CONFIGURATION}-output-files.xcfilelist",
			);
			runOnlyForDeploymentPostprocessing = 0;
			shellPath = /bin/sh;
			shellScript = "\"${PODS_ROOT}/Target Support Files/Pods-ProgPics/Pods-ProgPics-frameworks.sh\"\n";
			showEnvVarsInLog = 0;
		};
		9A08804C7A2107DE5A518805 /* [CP] Check Pods Manifest.lock */ = {
			isa = PBXShellScriptBuildPhase;
			buildActionMask = 2147483647;
			files = (
			);
			inputFileListPaths = (
			);
			inputPaths = (
				"${PODS_PODFILE_DIR_PATH}/Podfile.lock",
				"${PODS_ROOT}/Manifest.lock",
			);
			name = "[CP] Check Pods Manifest.lock";
			outputFileListPaths = (
			);
			outputPaths = (
				"$(DERIVED_FILE_DIR)/Pods-ProgPics-checkManifestLockResult.txt",
			);
			runOnlyForDeploymentPostprocessing = 0;
			shellPath = /bin/sh;
			shellScript = "diff \"${PODS_PODFILE_DIR_PATH}/Podfile.lock\" \"${PODS_ROOT}/Manifest.lock\" > /dev/null\nif [ $? != 0 ] ; then\n    # print error to STDERR\n    echo \"error: The sandbox is not in sync with the Podfile.lock. Run 'pod install' or update your CocoaPods installation.\" >&2\n    exit 1\nfi\n# This output is used by Xcode 'outputs' to avoid re-running this script phase.\necho \"SUCCESS\" > \"${SCRIPT_OUTPUT_FILE_0}\"\n";
			showEnvVarsInLog = 0;
		};
/* End PBXShellScriptBuildPhase section */

/* Begin PBXSourcesBuildPhase section */
		84324C342510C751001BD9C5 /* Sources */ = {
			isa = PBXSourcesBuildPhase;
			buildActionMask = 2147483647;
			files = (
				849B4F36253C36B500E464B5 /* SliderVC.swift in Sources */,
				84324C402510C751001BD9C5 /* LoginVC.swift in Sources */,
				848644782523258B00F9C8AD /* RegisterVC.swift in Sources */,
				84DDB1772518BF1E00FA6F69 /* LastTableViewCell.swift in Sources */,
				84324C3C2510C751001BD9C5 /* AppDelegate.swift in Sources */,
				84324C3E2510C751001BD9C5 /* SceneDelegate.swift in Sources */,
				84CA550E2514E8930040FD79 /* UserCategoryTableViewCell.swift in Sources */,
				84E60A982524AB85002D67CD /* ThumbnailCollectionViewCell.swift in Sources */,
				8458681F25373B83008E31B6 /* CameraVC.swift in Sources */,
				84324C70251371F4001BD9C5 /* YourProgressionsVC.swift in Sources */,
				84F3FEE425470BE700F2839D /* BeforeAfterVC.swift in Sources */,
				8486445F25220E5900F9C8AD /* GalleryVC.swift in Sources */,
				8486445B25220AE400F9C8AD /* ProgressTabBarController.swift in Sources */,
				844392A3251CAAD100DD5DA5 /* NewProgressionVC.swift in Sources */,
				846E61F6253DAD41003E91A2 /* ImageHelper.swift in Sources */,
			);
			runOnlyForDeploymentPostprocessing = 0;
		};
/* End PBXSourcesBuildPhase section */

/* Begin PBXVariantGroup section */
		84324C412510C751001BD9C5 /* Main.storyboard */ = {
			isa = PBXVariantGroup;
			children = (
				84324C422510C751001BD9C5 /* Base */,
			);
			name = Main.storyboard;
			sourceTree = "<group>";
		};
		84324C462510C754001BD9C5 /* LaunchScreen.storyboard */ = {
			isa = PBXVariantGroup;
			children = (
				84324C472510C754001BD9C5 /* Base */,
			);
			name = LaunchScreen.storyboard;
			sourceTree = "<group>";
		};
/* End PBXVariantGroup section */

/* Begin XCBuildConfiguration section */
		84324C4A2510C754001BD9C5 /* Debug */ = {
			isa = XCBuildConfiguration;
			buildSettings = {
				ALWAYS_SEARCH_USER_PATHS = NO;
				CLANG_ANALYZER_NONNULL = YES;
				CLANG_ANALYZER_NUMBER_OBJECT_CONVERSION = YES_AGGRESSIVE;
				CLANG_CXX_LANGUAGE_STANDARD = "gnu++14";
				CLANG_CXX_LIBRARY = "libc++";
				CLANG_ENABLE_MODULES = YES;
				CLANG_ENABLE_OBJC_ARC = YES;
				CLANG_ENABLE_OBJC_WEAK = YES;
				CLANG_WARN_BLOCK_CAPTURE_AUTORELEASING = YES;
				CLANG_WARN_BOOL_CONVERSION = YES;
				CLANG_WARN_COMMA = YES;
				CLANG_WARN_CONSTANT_CONVERSION = YES;
				CLANG_WARN_DEPRECATED_OBJC_IMPLEMENTATIONS = YES;
				CLANG_WARN_DIRECT_OBJC_ISA_USAGE = YES_ERROR;
				CLANG_WARN_DOCUMENTATION_COMMENTS = YES;
				CLANG_WARN_EMPTY_BODY = YES;
				CLANG_WARN_ENUM_CONVERSION = YES;
				CLANG_WARN_INFINITE_RECURSION = YES;
				CLANG_WARN_INT_CONVERSION = YES;
				CLANG_WARN_NON_LITERAL_NULL_CONVERSION = YES;
				CLANG_WARN_OBJC_IMPLICIT_RETAIN_SELF = YES;
				CLANG_WARN_OBJC_LITERAL_CONVERSION = YES;
				CLANG_WARN_OBJC_ROOT_CLASS = YES_ERROR;
				CLANG_WARN_QUOTED_INCLUDE_IN_FRAMEWORK_HEADER = YES;
				CLANG_WARN_RANGE_LOOP_ANALYSIS = YES;
				CLANG_WARN_STRICT_PROTOTYPES = YES;
				CLANG_WARN_SUSPICIOUS_MOVE = YES;
				CLANG_WARN_UNGUARDED_AVAILABILITY = YES_AGGRESSIVE;
				CLANG_WARN_UNREACHABLE_CODE = YES;
				CLANG_WARN__DUPLICATE_METHOD_MATCH = YES;
				COPY_PHASE_STRIP = NO;
				DEBUG_INFORMATION_FORMAT = dwarf;
				ENABLE_STRICT_OBJC_MSGSEND = YES;
				ENABLE_TESTABILITY = YES;
				GCC_C_LANGUAGE_STANDARD = gnu11;
				GCC_DYNAMIC_NO_PIC = NO;
				GCC_NO_COMMON_BLOCKS = YES;
				GCC_OPTIMIZATION_LEVEL = 0;
				GCC_PREPROCESSOR_DEFINITIONS = (
					"DEBUG=1",
					"$(inherited)",
				);
				GCC_WARN_64_TO_32_BIT_CONVERSION = YES;
				GCC_WARN_ABOUT_RETURN_TYPE = YES_ERROR;
				GCC_WARN_UNDECLARED_SELECTOR = YES;
				GCC_WARN_UNINITIALIZED_AUTOS = YES_AGGRESSIVE;
				GCC_WARN_UNUSED_FUNCTION = YES;
				GCC_WARN_UNUSED_VARIABLE = YES;
				IPHONEOS_DEPLOYMENT_TARGET = 14.0;
				MTL_ENABLE_DEBUG_INFO = INCLUDE_SOURCE;
				MTL_FAST_MATH = YES;
				ONLY_ACTIVE_ARCH = YES;
				SDKROOT = iphoneos;
				SWIFT_ACTIVE_COMPILATION_CONDITIONS = DEBUG;
				SWIFT_OPTIMIZATION_LEVEL = "-Onone";
			};
			name = Debug;
		};
		84324C4B2510C754001BD9C5 /* Release */ = {
			isa = XCBuildConfiguration;
			buildSettings = {
				ALWAYS_SEARCH_USER_PATHS = NO;
				CLANG_ANALYZER_NONNULL = YES;
				CLANG_ANALYZER_NUMBER_OBJECT_CONVERSION = YES_AGGRESSIVE;
				CLANG_CXX_LANGUAGE_STANDARD = "gnu++14";
				CLANG_CXX_LIBRARY = "libc++";
				CLANG_ENABLE_MODULES = YES;
				CLANG_ENABLE_OBJC_ARC = YES;
				CLANG_ENABLE_OBJC_WEAK = YES;
				CLANG_WARN_BLOCK_CAPTURE_AUTORELEASING = YES;
				CLANG_WARN_BOOL_CONVERSION = YES;
				CLANG_WARN_COMMA = YES;
				CLANG_WARN_CONSTANT_CONVERSION = YES;
				CLANG_WARN_DEPRECATED_OBJC_IMPLEMENTATIONS = YES;
				CLANG_WARN_DIRECT_OBJC_ISA_USAGE = YES_ERROR;
				CLANG_WARN_DOCUMENTATION_COMMENTS = YES;
				CLANG_WARN_EMPTY_BODY = YES;
				CLANG_WARN_ENUM_CONVERSION = YES;
				CLANG_WARN_INFINITE_RECURSION = YES;
				CLANG_WARN_INT_CONVERSION = YES;
				CLANG_WARN_NON_LITERAL_NULL_CONVERSION = YES;
				CLANG_WARN_OBJC_IMPLICIT_RETAIN_SELF = YES;
				CLANG_WARN_OBJC_LITERAL_CONVERSION = YES;
				CLANG_WARN_OBJC_ROOT_CLASS = YES_ERROR;
				CLANG_WARN_QUOTED_INCLUDE_IN_FRAMEWORK_HEADER = YES;
				CLANG_WARN_RANGE_LOOP_ANALYSIS = YES;
				CLANG_WARN_STRICT_PROTOTYPES = YES;
				CLANG_WARN_SUSPICIOUS_MOVE = YES;
				CLANG_WARN_UNGUARDED_AVAILABILITY = YES_AGGRESSIVE;
				CLANG_WARN_UNREACHABLE_CODE = YES;
				CLANG_WARN__DUPLICATE_METHOD_MATCH = YES;
				COPY_PHASE_STRIP = NO;
				DEBUG_INFORMATION_FORMAT = "dwarf-with-dsym";
				ENABLE_NS_ASSERTIONS = NO;
				ENABLE_STRICT_OBJC_MSGSEND = YES;
				GCC_C_LANGUAGE_STANDARD = gnu11;
				GCC_NO_COMMON_BLOCKS = YES;
				GCC_WARN_64_TO_32_BIT_CONVERSION = YES;
				GCC_WARN_ABOUT_RETURN_TYPE = YES_ERROR;
				GCC_WARN_UNDECLARED_SELECTOR = YES;
				GCC_WARN_UNINITIALIZED_AUTOS = YES_AGGRESSIVE;
				GCC_WARN_UNUSED_FUNCTION = YES;
				GCC_WARN_UNUSED_VARIABLE = YES;
				IPHONEOS_DEPLOYMENT_TARGET = 14.0;
				MTL_ENABLE_DEBUG_INFO = NO;
				MTL_FAST_MATH = YES;
				SDKROOT = iphoneos;
				SWIFT_COMPILATION_MODE = wholemodule;
				SWIFT_OPTIMIZATION_LEVEL = "-O";
				VALIDATE_PRODUCT = YES;
			};
			name = Release;
		};
		84324C4D2510C754001BD9C5 /* Debug */ = {
			isa = XCBuildConfiguration;
			baseConfigurationReference = C32A2DCA3409C80E0BA8A6F1 /* Pods-ProgPics.debug.xcconfig */;
			buildSettings = {
				ASSETCATALOG_COMPILER_APPICON_NAME = AppIcon;
				ASSETCATALOG_COMPILER_GLOBAL_ACCENT_COLOR_NAME = AccentColor;
				CODE_SIGN_ENTITLEMENTS = ProgPics/ProgPics.entitlements;
				CODE_SIGN_STYLE = Automatic;
				DEVELOPMENT_TEAM = 28QJ5365R9;
				INFOPLIST_FILE = ProgPics/Info.plist;
				LD_RUNPATH_SEARCH_PATHS = (
					"$(inherited)",
					"@executable_path/Frameworks",
				);
				PRODUCT_BUNDLE_IDENTIFIER = se.erikpersson.ProgPics;
				PRODUCT_NAME = "$(TARGET_NAME)";
				SWIFT_VERSION = 5.0;
				TARGETED_DEVICE_FAMILY = "1,2";
			};
			name = Debug;
		};
		84324C4E2510C754001BD9C5 /* Release */ = {
			isa = XCBuildConfiguration;
			baseConfigurationReference = D2BA887A2C34B2097EF91B44 /* Pods-ProgPics.release.xcconfig */;
			buildSettings = {
				ASSETCATALOG_COMPILER_APPICON_NAME = AppIcon;
				ASSETCATALOG_COMPILER_GLOBAL_ACCENT_COLOR_NAME = AccentColor;
				CODE_SIGN_ENTITLEMENTS = ProgPics/ProgPics.entitlements;
				CODE_SIGN_STYLE = Automatic;
				DEVELOPMENT_TEAM = 28QJ5365R9;
				INFOPLIST_FILE = ProgPics/Info.plist;
				LD_RUNPATH_SEARCH_PATHS = (
					"$(inherited)",
					"@executable_path/Frameworks",
				);
				PRODUCT_BUNDLE_IDENTIFIER = se.erikpersson.ProgPics;
				PRODUCT_NAME = "$(TARGET_NAME)";
				SWIFT_VERSION = 5.0;
				TARGETED_DEVICE_FAMILY = "1,2";
			};
			name = Release;
		};
/* End XCBuildConfiguration section */

/* Begin XCConfigurationList section */
		84324C332510C751001BD9C5 /* Build configuration list for PBXProject "ProgPics" */ = {
			isa = XCConfigurationList;
			buildConfigurations = (
				84324C4A2510C754001BD9C5 /* Debug */,
				84324C4B2510C754001BD9C5 /* Release */,
			);
			defaultConfigurationIsVisible = 0;
			defaultConfigurationName = Release;
		};
		84324C4C2510C754001BD9C5 /* Build configuration list for PBXNativeTarget "ProgPics" */ = {
			isa = XCConfigurationList;
			buildConfigurations = (
				84324C4D2510C754001BD9C5 /* Debug */,
				84324C4E2510C754001BD9C5 /* Release */,
			);
			defaultConfigurationIsVisible = 0;
			defaultConfigurationName = Release;
		};
/* End XCConfigurationList section */
	};
	rootObject = 84324C302510C751001BD9C5 /* Project object */;
}
